// !$*UTF8*$!
{
	archiveVersion = 1;
	classes = {
	};
	objectVersion = 77;
	objects = {

/* Begin PBXBuildFile section */
		D96D2FD1301C41880083DC1E /* Assets.xcassets in Resources */ = {isa = PBXBuildFile; fileRef = D96D2FCD301C41880083DC1E /* Assets.xcassets */; };
		D96D2FD2301C41880083DC1E /* CardabaseApp.swift in Sources */ = {isa = PBXBuildFile; fileRef = D96D2FCE301C41880083DC1E /* CardabaseApp.swift */; };
		D96D2FD3301C41880083DC1E /* MainTabView.swift in Sources */ = {isa = PBXBuildFile; fileRef = D96D2FCF301C41880083DC1E /* MainTabView.swift */; };
		D96D2FD7301C42900083DC1E /* GoogleMobileAds in Frameworks */ = {isa = PBXBuildFile; productRef = D96D2FD6301C42900083DC1E /* GoogleMobileAds */; };
		D96D2FDF301C5E7F0083DC1E /* AppDelegate.swift in Sources */ = {isa = PBXBuildFile; fileRef = D96D2FDE301C5E7F0083DC1E /* AppDelegate.swift */; };
		D96D2FE1301C5E8E0083DC1E /* Folder.swift in Sources */ = {isa = PBXBuildFile; fileRef = D96D2FE0301C5E8E0083DC1E /* Folder.swift */; };
		D96D2FE3301C5E990083DC1E /* Knowledge.swift in Sources */ = {isa = PBXBuildFile; fileRef = D96D2FE2301C5E990083DC1E /* Knowledge.swift */; };
		D96D2FE5301C5EA70083DC1E /* FieldValue.swift in Sources */ = {isa = PBXBuildFile; fileRef = D96D2FE4301C5EA70083DC1E /* FieldValue.swift */; };
		D96D2FEC301C5F0A0083DC1E /* FolderListView.swift in Sources */ = {isa = PBXBuildFile; fileRef = D96D2FEB301C5F0A0083DC1E /* FolderListView.swift */; };
		D96D2FEE301C5F140083DC1E /* DatabaseView.swift in Sources */ = {isa = PBXBuildFile; fileRef = D96D2FED301C5F140083DC1E /* DatabaseView.swift */; };
		D96D2FF0301C5F1F0083DC1E /* KnowledgeFormView.swift in Sources */ = {isa = PBXBuildFile; fileRef = D96D2FEF301C5F1F0083DC1E /* KnowledgeFormView.swift */; };
		D96D2FF2301C5F2B0083DC1E /* CardConfigView.swift in Sources */ = {isa = PBXBuildFile; fileRef = D96D2FF1301C5F2B0083DC1E /* CardConfigView.swift */; };
		D96D2FF4301C5F340083DC1E /* FlashcardView.swift in Sources */ = {isa = PBXBuildFile; fileRef = D96D2FF3301C5F340083DC1E /* FlashcardView.swift */; };
		D96D2FF6301C5F3E0083DC1E /* StudyResultView.swift in Sources */ = {isa = PBXBuildFile; fileRef = D96D2FF5301C5F3E0083DC1E /* StudyResultView.swift */; };
		D96D2FF8301C5F460083DC1E /* SettingsView.swift in Sources */ = {isa = PBXBuildFile; fileRef = D96D2FF7301C5F460083DC1E /* SettingsView.swift */; };
		D96D2FFA301C5F570083DC1E /* PaywallView.swift in Sources */ = {isa = PBXBuildFile; fileRef = D96D2FF9301C5F570083DC1E /* PaywallView.swift */; };
		D96D2FFC301C5F640083DC1E /* AdBannerView.swift in Sources */ = {isa = PBXBuildFile; fileRef = D96D2FFB301C5F640083DC1E /* AdBannerView.swift */; };
		D96D2FFE301C5F760083DC1E /* AppState.swift in Sources */ = {isa = PBXBuildFile; fileRef = D96D2FFD301C5F760083DC1E /* AppState.swift */; };
		D96D3000301C5F820083DC1E /* Limits.swift in Sources */ = {isa = PBXBuildFile; fileRef = D96D2FFF301C5F820083DC1E /* Limits.swift */; };
		D96D3002301C5F8C0083DC1E /* AdMobManager.swift in Sources */ = {isa = PBXBuildFile; fileRef = D96D3001301C5F8C0083DC1E /* AdMobManager.swift */; };
		D96D3004301C5F970083DC1E /* SampleDataGenerator.swift in Sources */ = {isa = PBXBuildFile; fileRef = D96D3003301C5F970083DC1E /* SampleDataGenerator.swift */; };
		D990D1B8303C0562001B3CDA /* DataManagementView.swift in Sources */ = {isa = PBXBuildFile; fileRef = D990D1B7303C0562001B3CDA /* DataManagementView.swift */; };
		D990D1BA303C059C001B3CDA /* DataTransferManager.swift in Sources */ = {isa = PBXBuildFile; fileRef = D990D1B9303C059C001B3CDA /* DataTransferManager.swift */; };
		D99D5984301F053500A4CE16 /* AdMobConfig.plist in Resources */ = {isa = PBXBuildFile; fileRef = D99D5983301F053500A4CE16 /* AdMobConfig.plist */; };
		D9D57E3F303D5F3E004B29BA /* AnalyticsView.swift in Sources */ = {isa = PBXBuildFile; fileRef = D9D57E3E303D5F3E004B29BA /* AnalyticsView.swift */; };
/* End PBXBuildFile section */

/* Begin PBXFileReference section */
		D96D2FBF301C40930083DC1E /* Cardabase.app */ = {isa = PBXFileReference; explicitFileType = wrapper.application; includeInIndex = 0; path = Cardabase.app; sourceTree = BUILT_PRODUCTS_DIR; };
		D96D2FCD301C41880083DC1E /* Assets.xcassets */ = {isa = PBXFileReference; lastKnownFileType = folder.assetcatalog; path = Assets.xcassets; sourceTree = "<group>"; };
		D96D2FCE301C41880083DC1E /* CardabaseApp.swift */ = {isa = PBXFileReference; lastKnownFileType = sourcecode.swift; path = CardabaseApp.swift; sourceTree = "<group>"; };
		D96D2FCF301C41880083DC1E /* MainTabView.swift */ = {isa = PBXFileReference; lastKnownFileType = sourcecode.swift; path = MainTabView.swift; sourceTree = "<group>"; };
		D96D2FD4301C424E0083DC1E /* Info.plist */ = {isa = PBXFileReference; lastKnownFileType = text.plist.xml; path = Info.plist; sourceTree = "<group>"; };
		D96D2FDE301C5E7F0083DC1E /* AppDelegate.swift */ = {isa = PBXFileReference; lastKnownFileType = sourcecode.swift; path = AppDelegate.swift; sourceTree = "<group>"; };
		D96D2FE0301C5E8E0083DC1E /* Folder.swift */ = {isa = PBXFileReference; lastKnownFileType = sourcecode.swift; path = Folder.swift; sourceTree = "<group>"; };
		D96D2FE2301C5E990083DC1E /* Knowledge.swift */ = {isa = PBXFileReference; lastKnownFileType = sourcecode.swift; path = Knowledge.swift; sourceTree = "<group>"; };
		D96D2FE4301C5EA70083DC1E /* FieldValue.swift */ = {isa = PBXFileReference; lastKnownFileType = sourcecode.swift; path = FieldValue.swift; sourceTree = "<group>"; };
		D96D2FEB301C5F0A0083DC1E /* FolderListView.swift */ = {isa = PBXFileReference; lastKnownFileType = sourcecode.swift; path = FolderListView.swift; sourceTree = "<group>"; };
		D96D2FED301C5F140083DC1E /* DatabaseView.swift */ = {isa = PBXFileReference; lastKnownFileType = sourcecode.swift; path = DatabaseView.swift; sourceTree = "<group>"; };
		D96D2FEF301C5F1F0083DC1E /* KnowledgeFormView.swift */ = {isa = PBXFileReference; lastKnownFileType = sourcecode.swift; path = KnowledgeFormView.swift; sourceTree = "<group>"; };
		D96D2FF1301C5F2B0083DC1E /* CardConfigView.swift */ = {isa = PBXFileReference; lastKnownFileType = sourcecode.swift; path = CardConfigView.swift; sourceTree = "<group>"; };
		D96D2FF3301C5F340083DC1E /* FlashcardView.swift */ = {isa = PBXFileReference; lastKnownFileType = sourcecode.swift; path = FlashcardView.swift; sourceTree = "<group>"; };
		D96D2FF5301C5F3E0083DC1E /* StudyResultView.swift */ = {isa = PBXFileReference; lastKnownFileType = sourcecode.swift; path = StudyResultView.swift; sourceTree = "<group>"; };
		D96D2FF7301C5F460083DC1E /* SettingsView.swift */ = {isa = PBXFileReference; lastKnownFileType = sourcecode.swift; path = SettingsView.swift; sourceTree = "<group>"; };
		D96D2FF9301C5F570083DC1E /* PaywallView.swift */ = {isa = PBXFileReference; lastKnownFileType = sourcecode.swift; path = PaywallView.swift; sourceTree = "<group>"; };
		D96D2FFB301C5F640083DC1E /* AdBannerView.swift */ = {isa = PBXFileReference; lastKnownFileType = sourcecode.swift; path = AdBannerView.swift; sourceTree = "<group>"; };
		D96D2FFD301C5F760083DC1E /* AppState.swift */ = {isa = PBXFileReference; lastKnownFileType = sourcecode.swift; path = AppState.swift; sourceTree = "<group>"; };
		D96D2FFF301C5F820083DC1E /* Limits.swift */ = {isa = PBXFileReference; lastKnownFileType = sourcecode.swift; path = Limits.swift; sourceTree = "<group>"; };
		D96D3001301C5F8C0083DC1E /* AdMobManager.swift */ = {isa = PBXFileReference; lastKnownFileType = sourcecode.swift; path = AdMobManager.swift; sourceTree = "<group>"; };
		D96D3003301C5F970083DC1E /* SampleDataGenerator.swift */ = {isa = PBXFileReference; lastKnownFileType = sourcecode.swift; path = SampleDataGenerator.swift; sourceTree = "<group>"; };
		D990D1B7303C0562001B3CDA /* DataManagementView.swift */ = {isa = PBXFileReference; lastKnownFileType = sourcecode.swift; path = DataManagementView.swift; sourceTree = "<group>"; };
		D990D1B9303C059C001B3CDA /* DataTransferManager.swift */ = {isa = PBXFileReference; lastKnownFileType = sourcecode.swift; path = DataTransferManager.swift; sourceTree = "<group>"; };
		D99D5983301F053500A4CE16 /* AdMobConfig.plist */ = {isa = PBXFileReference; lastKnownFileType = text.plist.xml; path = AdMobConfig.plist; sourceTree = "<group>"; };
		D9D57E3E303D5F3E004B29BA /* AnalyticsView.swift */ = {isa = PBXFileReference; lastKnownFileType = sourcecode.swift; path = AnalyticsView.swift; sourceTree = "<group>"; };
/* End PBXFileReference section */

/* Begin PBXFrameworksBuildPhase section */
		D96D2FBC301C40930083DC1E /* Frameworks */ = {
			isa = PBXFrameworksBuildPhase;
			buildActionMask = 2147483647;
			files = (
				D96D2FD7301C42900083DC1E /* GoogleMobileAds in Frameworks */,
			);
			runOnlyForDeploymentPostprocessing = 0;
		};
/* End PBXFrameworksBuildPhase section */

/* Begin PBXGroup section */
		D96D2FB6301C40930083DC1E = {
			isa = PBXGroup;
			children = (
				D96D2FD0301C41880083DC1E /* Cardabase */,
				D96D2FC0301C40930083DC1E /* Products */,
			);
			sourceTree = "<group>";
		};
		D96D2FC0301C40930083DC1E /* Products */ = {
			isa = PBXGroup;
			children = (
				D96D2FBF301C40930083DC1E /* Cardabase.app */,
			);
			name = Products;
			sourceTree = "<group>";
		};
		D96D2FD0301C41880083DC1E /* Cardabase */ = {
			isa = PBXGroup;
			children = (
				D96D2FD8301C5E1B0083DC1E /* App */,
				D96D2FD9301C5E230083DC1E /* Models */,
				D96D2FDA301C5E310083DC1E /* Views */,
				D96D2FDB301C5E3B0083DC1E /* ViewModels */,
				D96D2FDC301C5E420083DC1E /* Utilities */,
				D96D2FDD301C5E4C0083DC1E /* Resources */,
			);
			path = Cardabase;
			sourceTree = "<group>";
		};
		D96D2FD8301C5E1B0083DC1E /* App */ = {
			isa = PBXGroup;
			children = (
				D96D2FCE301C41880083DC1E /* CardabaseApp.swift */,
				D96D2FDE301C5E7F0083DC1E /* AppDelegate.swift */,
			);
			path = App;
			sourceTree = "<group>";
		};
		D96D2FD9301C5E230083DC1E /* Models */ = {
			isa = PBXGroup;
			children = (
				D96D2FE0301C5E8E0083DC1E /* Folder.swift */,
				D96D2FE2301C5E990083DC1E /* Knowledge.swift */,
				D96D2FE4301C5EA70083DC1E /* FieldValue.swift */,
			);
			path = Models;
			sourceTree = "<group>";
		};
		D96D2FDA301C5E310083DC1E /* Views */ = {
			isa = PBXGroup;
			children = (
				D96D3005301C602C0083DC1E /* Main */,
				D96D2FE6301C5EB30083DC1E /* Folder */,
				D96D2FE7301C5EBA0083DC1E /* Database */,
				D96D2FE8301C5EC00083DC1E /* Flashcard */,
				D9D57E3D303D5F2D004B29BA /* Analytics */,
				D96D2FE9301C5EC80083DC1E /* Settings */,
				D96D2FEA301C5ED00083DC1E /* Components */,
			);
			path = Views;
			sourceTree = "<group>";
		};
		D96D2FDB301C5E3B0083DC1E /* ViewModels */ = {
			isa = PBXGroup;
			children = (
				D96D2FFD301C5F760083DC1E /* AppState.swift */,
			);
			path = ViewModels;
			sourceTree = "<group>";
		};
		D96D2FDC301C5E420083DC1E /* Utilities */ = {
			isa = PBXGroup;
			children = (
				D96D2FFF301C5F820083DC1E /* Limits.swift */,
				D96D3001301C5F8C0083DC1E /* AdMobManager.swift */,
				D96D3003301C5F970083DC1E /* SampleDataGenerator.swift */,
				D990D1B9303C059C001B3CDA /* DataTransferManager.swift */,
			);
			path = Utilities;
			sourceTree = "<group>";
		};
		D96D2FDD301C5E4C0083DC1E /* Resources */ = {
			isa = PBXGroup;
			children = (
				D96D2FD4301C424E0083DC1E /* Info.plist */,
				D99D5983301F053500A4CE16 /* AdMobConfig.plist */,
				D96D2FCD301C41880083DC1E /* Assets.xcassets */,
			);
			path = Resources;
			sourceTree = "<group>";
		};
		D96D2FE6301C5EB30083DC1E /* Folder */ = {
			isa = PBXGroup;
			children = (
				D96D2FEB301C5F0A0083DC1E /* FolderListView.swift */,
			);
			path = Folder;
			sourceTree = "<group>";
		};
		D96D2FE7301C5EBA0083DC1E /* Database */ = {
			isa = PBXGroup;
			children = (
				D96D2FED301C5F140083DC1E /* DatabaseView.swift */,
				D96D2FEF301C5F1F0083DC1E /* KnowledgeFormView.swift */,
			);
			path = Database;
			sourceTree = "<group>";
		};
		D96D2FE8301C5EC00083DC1E /* Flashcard */ = {
			isa = PBXGroup;
			children = (
				D96D2FF1301C5F2B0083DC1E /* CardConfigView.swift */,
				D96D2FF3301C5F340083DC1E /* FlashcardView.swift */,
				D96D2FF5301C5F3E0083DC1E /* StudyResultView.swift */,
			);
			path = Flashcard;
			sourceTree = "<group>";
		};
		D96D2FE9301C5EC80083DC1E /* Settings */ = {
			isa = PBXGroup;
			children = (
				D96D2FF7301C5F460083DC1E /* SettingsView.swift */,
				D96D2FF9301C5F570083DC1E /* PaywallView.swift */,
				D990D1B7303C0562001B3CDA /* DataManagementView.swift */,
			);
			path = Settings;
			sourceTree = "<group>";
		};
		D96D2FEA301C5ED00083DC1E /* Components */ = {
			isa = PBXGroup;
			children = (
				D96D2FFB301C5F640083DC1E /* AdBannerView.swift */,
			);
			path = Components;
			sourceTree = "<group>";
		};
		D96D3005301C602C0083DC1E /* Main */ = {
			isa = PBXGroup;
			children = (
				D96D2FCF301C41880083DC1E /* MainTabView.swift */,
			);
			path = Main;
			sourceTree = "<group>";
		};
		D9D57E3D303D5F2D004B29BA /* Analytics */ = {
			isa = PBXGroup;
			children = (
				D9D57E3E303D5F3E004B29BA /* AnalyticsView.swift */,
			);
			path = Analytics;
			sourceTree = "<group>";
		};
/* End PBXGroup section */

/* Begin PBXNativeTarget section */
		D96D2FBE301C40930083DC1E /* Cardabase */ = {
			isa = PBXNativeTarget;
			buildConfigurationList = D96D2FCA301C40950083DC1E /* Build configuration list for PBXNativeTarget "Cardabase" */;
			buildPhases = (
				D96D2FBB301C40930083DC1E /* Sources */,
				D96D2FBC301C40930083DC1E /* Frameworks */,
				D96D2FBD301C40930083DC1E /* Resources */,
			);
			buildRules = (
			);
			dependencies = (
			);
			name = Cardabase;
			packageProductDependencies = (
				D96D2FD6301C42900083DC1E /* GoogleMobileAds */,
			);
			productName = Cardabase;
			productReference = D96D2FBF301C40930083DC1E /* Cardabase.app */;
			productType = "com.apple.product-type.application";
		};
/* End PBXNativeTarget section */

/* Begin PBXProject section */
		D96D2FB7301C40930083DC1E /* Project object */ = {
			isa = PBXProject;
			attributes = {
				BuildIndependentTargetsInParallel = 1;
				LastSwiftUpdateCheck = 2650;
				LastUpgradeCheck = 2650;
				TargetAttributes = {
					D96D2FBE301C40930083DC1E = {
						CreatedOnToolsVersion = 26.5;
					};
				};
			};
			buildConfigurationList = D96D2FBA301C40930083DC1E /* Build configuration list for PBXProject "Cardabase" */;
			developmentRegion = en;
			hasScannedForEncodings = 0;
			knownRegions = (
				en,
				Base,
			);
			mainGroup = D96D2FB6301C40930083DC1E;
			minimizedProjectReferenceProxies = 1;
			packageReferences = (
				D96D2FD5301C42900083DC1E /* XCRemoteSwiftPackageReference "swift-package-manager-google-mobile-ads" */,
			);
			preferredProjectObjectVersion = 77;
			productRefGroup = D96D2FC0301C40930083DC1E /* Products */;
			projectDirPath = "";
			projectRoot = "";
			targets = (
				D96D2FBE301C40930083DC1E /* Cardabase */,
			);
		};
/* End PBXProject section */

/* Begin PBXResourcesBuildPhase section */
		D96D2FBD301C40930083DC1E /* Resources */ = {
			isa = PBXResourcesBuildPhase;
			buildActionMask = 2147483647;
			files = (
				D99D5984301F053500A4CE16 /* AdMobConfig.plist in Resources */,
				D96D2FD1301C41880083DC1E /* Assets.xcassets in Resources */,
			);
			runOnlyForDeploymentPostprocessing = 0;
		};
/* End PBXResourcesBuildPhase section */

/* Begin PBXSourcesBuildPhase section */
		D96D2FBB301C40930083DC1E /* Sources */ = {
			isa = PBXSourcesBuildPhase;
			buildActionMask = 2147483647;
			files = (
				D96D2FF2301C5F2B0083DC1E /* CardConfigView.swift in Sources */,
				D96D3002301C5F8C0083DC1E /* AdMobManager.swift in Sources */,
				D990D1BA303C059C001B3CDA /* DataTransferManager.swift in Sources */,
				D96D2FDF301C5E7F0083DC1E /* AppDelegate.swift in Sources */,
				D96D2FF0301C5F1F0083DC1E /* KnowledgeFormView.swift in Sources */,
				D9D57E3F303D5F3E004B29BA /* AnalyticsView.swift in Sources */,
				D96D3000301C5F820083DC1E /* Limits.swift in Sources */,
				D96D2FD2301C41880083DC1E /* CardabaseApp.swift in Sources */,
				D96D2FE5301C5EA70083DC1E /* FieldValue.swift in Sources */,
				D96D2FD3301C41880083DC1E /* MainTabView.swift in Sources */,
				D96D2FFC301C5F640083DC1E /* AdBannerView.swift in Sources */,
				D990D1B8303C0562001B3CDA /* DataManagementView.swift in Sources */,
				D96D2FE1301C5E8E0083DC1E /* Folder.swift in Sources */,
				D96D2FFA301C5F570083DC1E /* PaywallView.swift in Sources */,
				D96D3004301C5F970083DC1E /* SampleDataGenerator.swift in Sources */,
				D96D2FF6301C5F3E0083DC1E /* StudyResultView.swift in Sources */,
				D96D2FEE301C5F140083DC1E /* DatabaseView.swift in Sources */,
				D96D2FFE301C5F760083DC1E /* AppState.swift in Sources */,
				D96D2FF4301C5F340083DC1E /* FlashcardView.swift in Sources */,
				D96D2FE3301C5E990083DC1E /* Knowledge.swift in Sources */,
				D96D2FEC301C5F0A0083DC1E /* FolderListView.swift in Sources */,
				D96D2FF8301C5F460083DC1E /* SettingsView.swift in Sources */,
			);
			runOnlyForDeploymentPostprocessing = 0;
		};
/* End PBXSourcesBuildPhase section */

/* Begin XCBuildConfiguration section */
		D96D2FC8301C40950083DC1E /* Debug */ = {
			isa = XCBuildConfiguration;
			buildSettings = {
				ALWAYS_SEARCH_USER_PATHS = NO;
				ASSETCATALOG_COMPILER_GENERATE_SWIFT_ASSET_SYMBOL_EXTENSIONS = YES;
				CLANG_ANALYZER_NONNULL = YES;
				CLANG_ANALYZER_NUMBER_OBJECT_CONVERSION = YES_AGGRESSIVE;
				CLANG_CXX_LANGUAGE_STANDARD = "gnu++20";
				CLANG_ENABLE_MODULES = YES;
				CLANG_ENABLE_OBJC_ARC = YES;
				CLANG_ENABLE_OBJC_WEAK = YES;
				CLANG_WARN_BLOCK_CAPTURE_AUTORELEASING = YES;
				CLANG_WARN_BOOL_CONVERSION = YES;
				CLANG_WARN_COMMA = YES;
				CLANG_WARN_CONSTANT_CONVERSION = YES;
				CLANG_WARN_DEPRECATED_OBJC_IMPLEMENTATIONS = YES;
				CLANG_WARN_DIRECT_OBJC_ISA_USAGE = YES_ERROR;
				CLANG_WARN_DOCUMENTATION_COMMENTS = YES;
				CLANG_WARN_EMPTY_BODY = YES;
				CLANG_WARN_ENUM_CONVERSION = YES;
				CLANG_WARN_INFINITE_RECURSION = YES;
				CLANG_WARN_INT_CONVERSION = YES;
				CLANG_WARN_NON_LITERAL_NULL_CONVERSION = YES;
				CLANG_WARN_OBJC_IMPLICIT_RETAIN_SELF = YES;
				CLANG_WARN_OBJC_LITERAL_CONVERSION = YES;
				CLANG_WARN_OBJC_ROOT_CLASS = YES_ERROR;
				CLANG_WARN_QUOTED_INCLUDE_IN_FRAMEWORK_HEADER = YES;
				CLANG_WARN_RANGE_LOOP_ANALYSIS = YES;
				CLANG_WARN_STRICT_PROTOTYPES = YES;
				CLANG_WARN_SUSPICIOUS_MOVE = YES;
				CLANG_WARN_UNGUARDED_AVAILABILITY = YES_AGGRESSIVE;
				CLANG_WARN_UNREACHABLE_CODE = YES;
				CLANG_WARN__DUPLICATE_METHOD_MATCH = YES;
				COPY_PHASE_STRIP = NO;
				DEBUG_INFORMATION_FORMAT = dwarf;
				DEVELOPMENT_TEAM = D86GFNUD35;
				ENABLE_STRICT_OBJC_MSGSEND = YES;
				ENABLE_TESTABILITY = YES;
				ENABLE_USER_SCRIPT_SANDBOXING = YES;
				GCC_C_LANGUAGE_STANDARD = gnu17;
				GCC_DYNAMIC_NO_PIC = NO;
				GCC_NO_COMMON_BLOCKS = YES;
				GCC_OPTIMIZATION_LEVEL = 0;
				GCC_PREPROCESSOR_DEFINITIONS = (
					"DEBUG=1",
					"$(inherited)",
				);
				GCC_WARN_64_TO_32_BIT_CONVERSION = YES;
				GCC_WARN_ABOUT_RETURN_TYPE = YES_ERROR;
				GCC_WARN_UNDECLARED_SELECTOR = YES;
				GCC_WARN_UNINITIALIZED_AUTOS = YES_AGGRESSIVE;
				GCC_WARN_UNUSED_FUNCTION = YES;
				GCC_WARN_UNUSED_VARIABLE = YES;
				IPHONEOS_DEPLOYMENT_TARGET = 26.5;
				LOCALIZATION_PREFERS_STRING_CATALOGS = YES;
				MTL_ENABLE_DEBUG_INFO = INCLUDE_SOURCE;
				MTL_FAST_MATH = YES;
				ONLY_ACTIVE_ARCH = YES;
				SDKROOT = iphoneos;
				SWIFT_ACTIVE_COMPILATION_CONDITIONS = "DEBUG $(inherited)";
				SWIFT_OPTIMIZATION_LEVEL = "-Onone";
			};
			name = Debug;
		};
		D96D2FC9301C40950083DC1E /* Release */ = {
			isa = XCBuildConfiguration;
			buildSettings = {
				ALWAYS_SEARCH_USER_PATHS = NO;
				ASSETCATALOG_COMPILER_GENERATE_SWIFT_ASSET_SYMBOL_EXTENSIONS = YES;
				CLANG_ANALYZER_NONNULL = YES;
				CLANG_ANALYZER_NUMBER_OBJECT_CONVERSION = YES_AGGRESSIVE;
				CLANG_CXX_LANGUAGE_STANDARD = "gnu++20";
				CLANG_ENABLE_MODULES = YES;
				CLANG_ENABLE_OBJC_ARC = YES;
				CLANG_ENABLE_OBJC_WEAK = YES;
				CLANG_WARN_BLOCK_CAPTURE_AUTORELEASING = YES;
				CLANG_WARN_BOOL_CONVERSION = YES;
				CLANG_WARN_COMMA = YES;
				CLANG_WARN_CONSTANT_CONVERSION = YES;
				CLANG_WARN_DEPRECATED_OBJC_IMPLEMENTATIONS = YES;
				CLANG_WARN_DIRECT_OBJC_ISA_USAGE = YES_ERROR;
				CLANG_WARN_DOCUMENTATION_COMMENTS = YES;
				CLANG_WARN_EMPTY_BODY = YES;
				CLANG_WARN_ENUM_CONVERSION = YES;
				CLANG_WARN_INFINITE_RECURSION = YES;
				CLANG_WARN_INT_CONVERSION = YES;
				CLANG_WARN_NON_LITERAL_NULL_CONVERSION = YES;
				CLANG_WARN_OBJC_IMPLICIT_RETAIN_SELF = YES;
				CLANG_WARN_OBJC_LITERAL_CONVERSION = YES;
				CLANG_WARN_OBJC_ROOT_CLASS = YES_ERROR;
				CLANG_WARN_QUOTED_INCLUDE_IN_FRAMEWORK_HEADER = YES;
				CLANG_WARN_RANGE_LOOP_ANALYSIS = YES;
				CLANG_WARN_STRICT_PROTOTYPES = YES;
				CLANG_WARN_SUSPICIOUS_MOVE = YES;
				CLANG_WARN_UNGUARDED_AVAILABILITY = YES_AGGRESSIVE;
				CLANG_WARN_UNREACHABLE_CODE = YES;
				CLANG_WARN__DUPLICATE_METHOD_MATCH = YES;
				COPY_PHASE_STRIP = NO;
				DEBUG_INFORMATION_FORMAT = "dwarf-with-dsym";
				DEVELOPMENT_TEAM = D86GFNUD35;
				ENABLE_NS_ASSERTIONS = NO;
				ENABLE_STRICT_OBJC_MSGSEND = YES;
				ENABLE_USER_SCRIPT_SANDBOXING = YES;
				GCC_C_LANGUAGE_STANDARD = gnu17;
				GCC_NO_COMMON_BLOCKS = YES;
				GCC_WARN_64_TO_32_BIT_CONVERSION = YES;
				GCC_WARN_ABOUT_RETURN_TYPE = YES_ERROR;
				GCC_WARN_UNDECLARED_SELECTOR = YES;
				GCC_WARN_UNINITIALIZED_AUTOS = YES_AGGRESSIVE;
				GCC_WARN_UNUSED_FUNCTION = YES;
				GCC_WARN_UNUSED_VARIABLE = YES;
				IPHONEOS_DEPLOYMENT_TARGET = 26.5;
				LOCALIZATION_PREFERS_STRING_CATALOGS = YES;
				MTL_ENABLE_DEBUG_INFO = NO;
				MTL_FAST_MATH = YES;
				SDKROOT = iphoneos;
				SWIFT_COMPILATION_MODE = wholemodule;
				VALIDATE_PRODUCT = YES;
			};
			name = Release;
		};
		D96D2FCB301C40950083DC1E /* Debug */ = {
			isa = XCBuildConfiguration;
			buildSettings = {
				ASSETCATALOG_COMPILER_APPICON_NAME = AppIcon;
				ASSETCATALOG_COMPILER_GLOBAL_ACCENT_COLOR_NAME = AccentColor;
				CODE_SIGN_STYLE = Automatic;
				CURRENT_PROJECT_VERSION = 11;
				DEVELOPMENT_TEAM = D86GFNUD35;
				ENABLE_PREVIEWS = YES;
				GENERATE_INFOPLIST_FILE = YES;
				INFOPLIST_FILE = Cardabase/Resources/Info.plist;
				INFOPLIST_KEY_CFBundleDisplayName = Cardabase;
				INFOPLIST_KEY_LSApplicationCategoryType = "public.app-category.productivity";
				INFOPLIST_KEY_UIApplicationSceneManifest_Generation = YES;
				INFOPLIST_KEY_UIApplicationSupportsIndirectInputEvents = YES;
				INFOPLIST_KEY_UILaunchScreen_Generation = YES;
				INFOPLIST_KEY_UISupportedInterfaceOrientations_iPad = "UIInterfaceOrientationPortrait UIInterfaceOrientationPortraitUpsideDown UIInterfaceOrientationLandscapeLeft UIInterfaceOrientationLandscapeRight";
				INFOPLIST_KEY_UISupportedInterfaceOrientations_iPhone = "UIInterfaceOrientationPortrait UIInterfaceOrientationLandscapeLeft UIInterfaceOrientationLandscapeRight";
				IPHONEOS_DEPLOYMENT_TARGET = 17.0;
				LD_RUNPATH_SEARCH_PATHS = (
					"$(inherited)",
					"@executable_path/Frameworks",
				);
				MARKETING_VERSION = 2.1;
				PRODUCT_BUNDLE_IDENTIFIER = com.suzuki.kenichiro.Cardabase;
				PRODUCT_NAME = "$(TARGET_NAME)";
				STRING_CATALOG_GENERATE_SYMBOLS = YES;
				SUPPORTED_PLATFORMS = "iphoneos iphonesimulator";
				SUPPORTS_MACCATALYST = NO;
				SUPPORTS_MAC_DESIGNED_FOR_IPHONE_IPAD = NO;
				SUPPORTS_XR_DESIGNED_FOR_IPHONE_IPAD = NO;
				SWIFT_APPROACHABLE_CONCURRENCY = YES;
				SWIFT_DEFAULT_ACTOR_ISOLATION = MainActor;
				SWIFT_EMIT_LOC_STRINGS = YES;
				SWIFT_UPCOMING_FEATURE_MEMBER_IMPORT_VISIBILITY = YES;
				SWIFT_VERSION = 5.0;
				TARGETED_DEVICE_FAMILY = 1;
			};
			name = Debug;
		};
		D96D2FCC301C40950083DC1E /* Release */ = {
			isa = XCBuildConfiguration;
			buildSettings = {
				ASSETCATALOG_COMPILER_APPICON_NAME = AppIcon;
				ASSETCATALOG_COMPILER_GLOBAL_ACCENT_COLOR_NAME = AccentColor;
				CODE_SIGN_STYLE = Automatic;
				CURRENT_PROJECT_VERSION = 11;
				DEVELOPMENT_TEAM = D86GFNUD35;
				ENABLE_PREVIEWS = YES;
				GENERATE_INFOPLIST_FILE = YES;
				INFOPLIST_FILE = Cardabase/Resources/Info.plist;
				INFOPLIST_KEY_CFBundleDisplayName = Cardabase;
				INFOPLIST_KEY_LSApplicationCategoryType = "public.app-category.productivity";
				INFOPLIST_KEY_UIApplicationSceneManifest_Generation = YES;
				INFOPLIST_KEY_UIApplicationSupportsIndirectInputEvents = YES;
				INFOPLIST_KEY_UILaunchScreen_Generation = YES;
				INFOPLIST_KEY_UISupportedInterfaceOrientations_iPad = "UIInterfaceOrientationPortrait UIInterfaceOrientationPortraitUpsideDown UIInterfaceOrientationLandscapeLeft UIInterfaceOrientationLandscapeRight";
				INFOPLIST_KEY_UISupportedInterfaceOrientations_iPhone = "UIInterfaceOrientationPortrait UIInterfaceOrientationLandscapeLeft UIInterfaceOrientationLandscapeRight";
				IPHONEOS_DEPLOYMENT_TARGET = 17.0;
				LD_RUNPATH_SEARCH_PATHS = (
					"$(inherited)",
					"@executable_path/Frameworks",
				);
				MARKETING_VERSION = 2.1;
				PRODUCT_BUNDLE_IDENTIFIER = com.suzuki.kenichiro.Cardabase;
				PRODUCT_NAME = "$(TARGET_NAME)";
				STRING_CATALOG_GENERATE_SYMBOLS = YES;
				SUPPORTED_PLATFORMS = "iphoneos iphonesimulator";
				SUPPORTS_MACCATALYST = NO;
				SUPPORTS_MAC_DESIGNED_FOR_IPHONE_IPAD = NO;
				SUPPORTS_XR_DESIGNED_FOR_IPHONE_IPAD = NO;
				SWIFT_APPROACHABLE_CONCURRENCY = YES;
				SWIFT_DEFAULT_ACTOR_ISOLATION = MainActor;
				SWIFT_EMIT_LOC_STRINGS = YES;
				SWIFT_UPCOMING_FEATURE_MEMBER_IMPORT_VISIBILITY = YES;
				SWIFT_VERSION = 5.0;
				TARGETED_DEVICE_FAMILY = 1;
			};
			name = Release;
		};
/* End XCBuildConfiguration section */

/* Begin XCConfigurationList section */
		D96D2FBA301C40930083DC1E /* Build configuration list for PBXProject "Cardabase" */ = {
			isa = XCConfigurationList;
			buildConfigurations = (
				D96D2FC8301C40950083DC1E /* Debug */,
				D96D2FC9301C40950083DC1E /* Release */,
			);
			defaultConfigurationIsVisible = 0;
			defaultConfigurationName = Release;
		};
		D96D2FCA301C40950083DC1E /* Build configuration list for PBXNativeTarget "Cardabase" */ = {
			isa = XCConfigurationList;
			buildConfigurations = (
				D96D2FCB301C40950083DC1E /* Debug */,
				D96D2FCC301C40950083DC1E /* Release */,
			);
			defaultConfigurationIsVisible = 0;
			defaultConfigurationName = Release;
		};
/* End XCConfigurationList section */

/* Begin XCRemoteSwiftPackageReference section */
		D96D2FD5301C42900083DC1E /* XCRemoteSwiftPackageReference "swift-package-manager-google-mobile-ads" */ = {
			isa = XCRemoteSwiftPackageReference;
			repositoryURL = "https://github.com/googleads/swift-package-manager-google-mobile-ads.git";
			requirement = {
				kind = upToNextMajorVersion;
				minimumVersion = 13.7.0;
			};
		};
/* End XCRemoteSwiftPackageReference section */

/* Begin XCSwiftPackageProductDependency section */
		D96D2FD6301C42900083DC1E /* GoogleMobileAds */ = {
			isa = XCSwiftPackageProductDependency;
			package = D96D2FD5301C42900083DC1E /* XCRemoteSwiftPackageReference "swift-package-manager-google-mobile-ads" */;
			productName = GoogleMobileAds;
		};
/* End XCSwiftPackageProductDependency section */
	};
	rootObject = D96D2FB7301C40930083DC1E /* Project object */;
}
